dependencies:
- name: visual-search
  repository: file://visual-search
  version: 0.0.1
- name: visual-search-react-ui
  repository: file://visual-search-react-ui
  version: 0.0.1
- name: nvidia-nim-cosmos-embed
  repository: file://triton-cosmos-embed
  version: 1.0.0
- name: milvus
  repository: https://zilliztech.github.io/milvus-helm
  version: 4.2.58
digest: sha256:690e12267bc13f5385cec6627c72f169c2e6fc9f521742c834a0740a607285d7
generated: "2026-04-23T15:03:46.952045534+03:00"
